
Microsoft Visual Studio Solution File, Format Version 12.00
# Visual Studio Version 17
VisualStudioVersion = 17.0.31903.59
MinimumVisualStudioVersion = 10.0.40219.1
Project("{2150E333-8FDC-42A3-9474-1A3956D46DE8}") = "src", "src", "{B4042E24-7516-4341-B2CF-E8254E888696}"
EndProject
Project("{2150E333-8FDC-42A3-9474-1A3956D46DE8}") = "sender", "sender", "{00E00698-E256-44CB-A3B9-585C99CA5244}"
EndProject
Project("{2150E333-8FDC-42A3-9474-1A3956D46DE8}") = "consumer", "consumer", "{317E2931-3CB0-4893-9D5F-DD41A959CBEF}"
EndProject
Project("{2150E333-8FDC-42A3-9474-1A3956D46DE8}") = "shared", "shared", "{951C746E-7FC0-4254-9882-580149DE3FEE}"
EndProject
Project("{FAE04EC0-301F-11D3-BF4B-00C04F79EFBC}") = "EventTriangleAPI.Consumer.Presentation", "src\consumer\EventTriangleAPI.Consumer.Presentation\EventTriangleAPI.Consumer.Presentation.csproj", "{79E9143C-B2A4-48A9-AE74-07E15B7247FF}"
EndProject
Project("{FAE04EC0-301F-11D3-BF4B-00C04F79EFBC}") = "EventTriangleAPI.Consumer.Domain", "src\consumer\EventTriangleAPI.Consumer.Domain\EventTriangleAPI.Consumer.Domain.csproj", "{279EE63C-A51F-4BD8-9971-207EA58225F2}"
EndProject
Project("{FAE04EC0-301F-11D3-BF4B-00C04F79EFBC}") = "EventTriangleAPI.Consumer.Application", "src\consumer\EventTriangleAPI.Consumer.Application\EventTriangleAPI.Consumer.Application.csproj", "{22F7E762-E658-41D7-81D6-E455C4EE6827}"
EndProject
Project("{FAE04EC0-301F-11D3-BF4B-00C04F79EFBC}") = "EventTriangleAPI.Consumer.BusinessLoginc", "src\consumer\EventTriangleAPI.Consumer.BusinessLoginc\EventTriangleAPI.Consumer.BusinessLoginc.csproj", "{B98750A1-6478-4C81-937B-AD0AE69109FD}"
EndProject
Project("{FAE04EC0-301F-11D3-BF4B-00C04F79EFBC}") = "EventTriangleAPI.Consumer.UnitTests", "src\consumer\EventTriangleAPI.Consumer.UnitTests\EventTriangleAPI.Consumer.UnitTests.csproj", "{57FE0F15-1D7A-490D-A6F2-3501B5A3F0AD}"
EndProject
Project("{FAE04EC0-301F-11D3-BF4B-00C04F79EFBC}") = "EventTriangleAPI.Consumer.IntegrationTests", "src\consumer\EventTriangleAPI.Consumer.IntegrationTests\EventTriangleAPI.Consumer.IntegrationTests.csproj", "{92DE9F2B-A138-4E94-9195-C2412C869F42}"
EndProject
Project("{FAE04EC0-301F-11D3-BF4B-00C04F79EFBC}") = "EventTriangleAPI.Sender.Presentation", "src\sender\EventTriangleAPI.Sender.Presentation\EventTriangleAPI.Sender.Presentation.csproj", "{797A50D9-8CA5-48C2-9056-D081B446AEDF}"
EndProject
Project("{FAE04EC0-301F-11D3-BF4B-00C04F79EFBC}") = "EventTriangleAPI.Sender.Domain", "src\sender\EventTriangleAPI.Sender.Domain\EventTriangleAPI.Sender.Domain.csproj", "{D1424D8A-83F0-482E-A573-1762D5453FFC}"
EndProject
Project("{FAE04EC0-301F-11D3-BF4B-00C04F79EFBC}") = "EventTriangleAPI.Sender.Application", "src\sender\EventTriangleAPI.Sender.Application\EventTriangleAPI.Sender.Application.csproj", "{DD674601-45EB-4CC9-B611-12F181321B29}"
EndProject
Project("{FAE04EC0-301F-11D3-BF4B-00C04F79EFBC}") = "EventTriangleAPI.Sender.BusinessLogic", "src\sender\EventTriangleAPI.Sender.BusinessLogic\EventTriangleAPI.Sender.BusinessLogic.csproj", "{5EBADF55-87C4-439D-BAFF-1E025113BC08}"
EndProject
Project("{FAE04EC0-301F-11D3-BF4B-00C04F79EFBC}") = "EventTriangleAPI.Sender.UnitTests", "src\sender\EventTriangleAPI.Sender.UnitTests\EventTriangleAPI.Sender.UnitTests.csproj", "{C6004AE1-1956-4A89-91AC-C2AB77ECEA80}"
EndProject
Project("{FAE04EC0-301F-11D3-BF4B-00C04F79EFBC}") = "EventTriangleAPI.Sender.IntegrationTests", "src\sender\EventTriangleAPI.Sender.IntegrationTests\EventTriangleAPI.Sender.IntegrationTests.csproj", "{A01E9D40-4DAE-46CA-8A0B-7FE3240D2CC0}"
EndProject
Project("{FAE04EC0-301F-11D3-BF4B-00C04F79EFBC}") = "EventTriangleAPI.Shared.DTO", "src\shared\EventTriangleAPI.Shared.DTO\EventTriangleAPI.Shared.DTO.csproj", "{F0D0455F-B351-4E6B-BBFA-4113C95CF886}"
EndProject
Project("{FAE04EC0-301F-11D3-BF4B-00C04F79EFBC}") = "EventTriangleAPI.Shared.Application", "src\shared\EventTriangleAPI.Shared.Application\EventTriangleAPI.Shared.Application.csproj", "{822EA33D-1900-4EB1-B873-A550D508D736}"
EndProject
Project("{2150E333-8FDC-42A3-9474-1A3956D46DE8}") = "authorization", "authorization", "{31A58EF0-F272-4824-86FE-19473671C529}"
EndProject
Project("{FAE04EC0-301F-11D3-BF4B-00C04F79EFBC}") = "EventTriangleAPI.Authorization.Presentation", "src\authorization\EventTriangleAPI.Authorization.Presentation\EventTriangleAPI.Authorization.Presentation.csproj", "{5313BD9A-3FF2-4F51-A266-1433CC3D385C}"
EndProject
Project("{FAE04EC0-301F-11D3-BF4B-00C04F79EFBC}") = "EventTriangleAPI.Authorization.BusinessLogic", "src\authorization\EventTriangleAPI.Authorization.BusinessLogic\EventTriangleAPI.Authorization.BusinessLogic.csproj", "{64A3731E-81E3-410D-AC53-1612503A2DE6}"
EndProject

Project("{2150E333-8FDC-42A3-9474-1A3956D46DE8}") = ".github", ".github", "{27588941-03BB-44BE-A36E-46D701BCDA6B}"
EndProject
Project("{2150E333-8FDC-42A3-9474-1A3956D46DE8}") = "actions", "actions", "{0B52F7D3-364C-4052-B104-48D83CA4DE3F}"
EndProject
Project("{2150E333-8FDC-42A3-9474-1A3956D46DE8}") = "workflows", "workflows", "{2B2FBD65-5A00-4F92-8131-6EDF4697955C}"
	ProjectSection(SolutionItems) = preProject
		.github\workflows\consumer-build-and-test.yml = .github\workflows\consumer-build-and-test.yml
		.github\workflows\sender-build-and-test.yml = .github\workflows\sender-build-and-test.yml
		.github\workflows\auth-build-and-test.yml = .github\workflows\auth-build-and-test.yml
		.github\workflows\angular-build.yml = .github\workflows\angular-build.yml
	EndProjectSection
EndProject
Project("{2150E333-8FDC-42A3-9474-1A3956D46DE8}") = "build-and-test", "build-and-test", "{A659D97B-8FB1-40F8-A9FD-EB461CA889CA}"
	ProjectSection(SolutionItems) = preProject
		.github\actions\build-and-test\action.yml = .github\actions\build-and-test\action.yml
	EndProjectSection
EndProject
Project("{2150E333-8FDC-42A3-9474-1A3956D46DE8}") = "items", "items", "{41B7EF6D-5AA5-4082-9902-FCF7438FB980}"
	ProjectSection(SolutionItems) = preProject
		.gitattributes = .gitattributes
		.gitignore = .gitignore
		GitVersion.yml = GitVersion.yml
		LICENSE = LICENSE
		README.md = README.md
	EndProjectSection
EndProject
Project("{2150E333-8FDC-42A3-9474-1A3956D46DE8}") = "build", "build", "{29CCAA4D-33CB-406F-BB10-9BD1641BBEF0}"
	ProjectSection(SolutionItems) = preProject
		build\authorization-azure-pipelines.yml = build\authorization-azure-pipelines.yml
		build\consumer-azure-pipelines-ci.yml = build\consumer-azure-pipelines-ci.yml
		build\sender-azure-pipelines-ci.yml = build\sender-azure-pipelines-ci.yml
		build\angular-build-azure-pipelines-ci.yml = build\angular-build-azure-pipelines-ci.yml
	EndProjectSection
EndProject
Project("{2150E333-8FDC-42A3-9474-1A3956D46DE8}") = "templates", "templates", "{6DB9FB17-BC40-4F7A-9425-65E9EF7C0303}"
	ProjectSection(SolutionItems) = preProject
		build\templates\dotnet-build-and-test-job-template.yml = build\templates\dotnet-build-and-test-job-template.yml
	EndProjectSection
EndProject
Project("{FAE04EC0-301F-11D3-BF4B-00C04F79EFBC}") = "EventTriangleAPI.Authorization.Persistence", "src\authorization\EventTriangleAPI.Authorization.Persistence\EventTriangleAPI.Authorization.Persistence.csproj", "{3A1E7606-C1A4-4AB9-B102-2938403F2B68}"
EndProject
Project("{FAE04EC0-301F-11D3-BF4B-00C04F79EFBC}") = "EventTriangleAPI.Authorization.Domain", "src\authorization\EventTriangleAPI.Authorization.Domain\EventTriangleAPI.Authorization.Domain.csproj", "{045CAF02-F951-4FCF-9D5F-62A6121628CB}"
EndProject
Project("{FAE04EC0-301F-11D3-BF4B-00C04F79EFBC}") = "EventTriangleAPI.Authorization.UnitTests", "src\authorization\EventTriangleAPI.Authorization.UnitTests\EventTriangleAPI.Authorization.UnitTests.csproj", "{8E82DD46-9A8A-4617-8172-92B42FFB3B95}"
EndProject
Project("{FAE04EC0-301F-11D3-BF4B-00C04F79EFBC}") = "EventTriangleAPI.Sender.Persistence", "src\sender\EventTriangleAPI.Sender.Persistence\EventTriangleAPI.Sender.Persistence.csproj", "{BE66A8AC-5DAC-4225-B81A-095A4EA95158}"
EndProject
Global
	GlobalSection(SolutionConfigurationPlatforms) = preSolution
		Debug|Any CPU = Debug|Any CPU
		Release|Any CPU = Release|Any CPU
	EndGlobalSection
	GlobalSection(SolutionProperties) = preSolution
		HideSolutionNode = FALSE
	EndGlobalSection
	GlobalSection(NestedProjects) = preSolution
		{00E00698-E256-44CB-A3B9-585C99CA5244} = {B4042E24-7516-4341-B2CF-E8254E888696}
		{317E2931-3CB0-4893-9D5F-DD41A959CBEF} = {B4042E24-7516-4341-B2CF-E8254E888696}
		{951C746E-7FC0-4254-9882-580149DE3FEE} = {B4042E24-7516-4341-B2CF-E8254E888696}
		{79E9143C-B2A4-48A9-AE74-07E15B7247FF} = {317E2931-3CB0-4893-9D5F-DD41A959CBEF}
		{279EE63C-A51F-4BD8-9971-207EA58225F2} = {317E2931-3CB0-4893-9D5F-DD41A959CBEF}
		{22F7E762-E658-41D7-81D6-E455C4EE6827} = {317E2931-3CB0-4893-9D5F-DD41A959CBEF}
		{B98750A1-6478-4C81-937B-AD0AE69109FD} = {317E2931-3CB0-4893-9D5F-DD41A959CBEF}
		{57FE0F15-1D7A-490D-A6F2-3501B5A3F0AD} = {317E2931-3CB0-4893-9D5F-DD41A959CBEF}
		{92DE9F2B-A138-4E94-9195-C2412C869F42} = {317E2931-3CB0-4893-9D5F-DD41A959CBEF}
		{797A50D9-8CA5-48C2-9056-D081B446AEDF} = {00E00698-E256-44CB-A3B9-585C99CA5244}
		{D1424D8A-83F0-482E-A573-1762D5453FFC} = {00E00698-E256-44CB-A3B9-585C99CA5244}
		{DD674601-45EB-4CC9-B611-12F181321B29} = {00E00698-E256-44CB-A3B9-585C99CA5244}
		{5EBADF55-87C4-439D-BAFF-1E025113BC08} = {00E00698-E256-44CB-A3B9-585C99CA5244}
		{C6004AE1-1956-4A89-91AC-C2AB77ECEA80} = {00E00698-E256-44CB-A3B9-585C99CA5244}
		{A01E9D40-4DAE-46CA-8A0B-7FE3240D2CC0} = {00E00698-E256-44CB-A3B9-585C99CA5244}
		{F0D0455F-B351-4E6B-BBFA-4113C95CF886} = {951C746E-7FC0-4254-9882-580149DE3FEE}
		{822EA33D-1900-4EB1-B873-A550D508D736} = {951C746E-7FC0-4254-9882-580149DE3FEE}
		{31A58EF0-F272-4824-86FE-19473671C529} = {B4042E24-7516-4341-B2CF-E8254E888696}
		{5313BD9A-3FF2-4F51-A266-1433CC3D385C} = {31A58EF0-F272-4824-86FE-19473671C529}
		{64A3731E-81E3-410D-AC53-1612503A2DE6} = {31A58EF0-F272-4824-86FE-19473671C529}
		{0B52F7D3-364C-4052-B104-48D83CA4DE3F} = {27588941-03BB-44BE-A36E-46D701BCDA6B}
		{2B2FBD65-5A00-4F92-8131-6EDF4697955C} = {27588941-03BB-44BE-A36E-46D701BCDA6B}
		{A659D97B-8FB1-40F8-A9FD-EB461CA889CA} = {0B52F7D3-364C-4052-B104-48D83CA4DE3F}
		{6DB9FB17-BC40-4F7A-9425-65E9EF7C0303} = {29CCAA4D-33CB-406F-BB10-9BD1641BBEF0}
		{3A1E7606-C1A4-4AB9-B102-2938403F2B68} = {31A58EF0-F272-4824-86FE-19473671C529}
		{045CAF02-F951-4FCF-9D5F-62A6121628CB} = {31A58EF0-F272-4824-86FE-19473671C529}
		{8E82DD46-9A8A-4617-8172-92B42FFB3B95} = {31A58EF0-F272-4824-86FE-19473671C529}
		{BE66A8AC-5DAC-4225-B81A-095A4EA95158} = {00E00698-E256-44CB-A3B9-585C99CA5244}
	EndGlobalSection
	GlobalSection(ProjectConfigurationPlatforms) = postSolution
		{79E9143C-B2A4-48A9-AE74-07E15B7247FF}.Debug|Any CPU.ActiveCfg = Debug|Any CPU
		{79E9143C-B2A4-48A9-AE74-07E15B7247FF}.Debug|Any CPU.Build.0 = Debug|Any CPU
		{79E9143C-B2A4-48A9-AE74-07E15B7247FF}.Release|Any CPU.ActiveCfg = Release|Any CPU
		{79E9143C-B2A4-48A9-AE74-07E15B7247FF}.Release|Any CPU.Build.0 = Release|Any CPU
		{279EE63C-A51F-4BD8-9971-207EA58225F2}.Debug|Any CPU.ActiveCfg = Debug|Any CPU
		{279EE63C-A51F-4BD8-9971-207EA58225F2}.Debug|Any CPU.Build.0 = Debug|Any CPU
		{279EE63C-A51F-4BD8-9971-207EA58225F2}.Release|Any CPU.ActiveCfg = Release|Any CPU
		{279EE63C-A51F-4BD8-9971-207EA58225F2}.Release|Any CPU.Build.0 = Release|Any CPU
		{22F7E762-E658-41D7-81D6-E455C4EE6827}.Debug|Any CPU.ActiveCfg = Debug|Any CPU
		{22F7E762-E658-41D7-81D6-E455C4EE6827}.Debug|Any CPU.Build.0 = Debug|Any CPU
		{22F7E762-E658-41D7-81D6-E455C4EE6827}.Release|Any CPU.ActiveCfg = Release|Any CPU
		{22F7E762-E658-41D7-81D6-E455C4EE6827}.Release|Any CPU.Build.0 = Release|Any CPU
		{B98750A1-6478-4C81-937B-AD0AE69109FD}.Debug|Any CPU.ActiveCfg = Debug|Any CPU
		{B98750A1-6478-4C81-937B-AD0AE69109FD}.Debug|Any CPU.Build.0 = Debug|Any CPU
		{B98750A1-6478-4C81-937B-AD0AE69109FD}.Release|Any CPU.ActiveCfg = Release|Any CPU
		{B98750A1-6478-4C81-937B-AD0AE69109FD}.Release|Any CPU.Build.0 = Release|Any CPU
		{57FE0F15-1D7A-490D-A6F2-3501B5A3F0AD}.Debug|Any CPU.ActiveCfg = Debug|Any CPU
		{57FE0F15-1D7A-490D-A6F2-3501B5A3F0AD}.Debug|Any CPU.Build.0 = Debug|Any CPU
		{57FE0F15-1D7A-490D-A6F2-3501B5A3F0AD}.Release|Any CPU.ActiveCfg = Release|Any CPU
		{57FE0F15-1D7A-490D-A6F2-3501B5A3F0AD}.Release|Any CPU.Build.0 = Release|Any CPU
		{92DE9F2B-A138-4E94-9195-C2412C869F42}.Debug|Any CPU.ActiveCfg = Debug|Any CPU
		{92DE9F2B-A138-4E94-9195-C2412C869F42}.Debug|Any CPU.Build.0 = Debug|Any CPU
		{92DE9F2B-A138-4E94-9195-C2412C869F42}.Release|Any CPU.ActiveCfg = Release|Any CPU
		{92DE9F2B-A138-4E94-9195-C2412C869F42}.Release|Any CPU.Build.0 = Release|Any CPU
		{797A50D9-8CA5-48C2-9056-D081B446AEDF}.Debug|Any CPU.ActiveCfg = Debug|Any CPU
		{797A50D9-8CA5-48C2-9056-D081B446AEDF}.Debug|Any CPU.Build.0 = Debug|Any CPU
		{797A50D9-8CA5-48C2-9056-D081B446AEDF}.Release|Any CPU.ActiveCfg = Release|Any CPU
		{797A50D9-8CA5-48C2-9056-D081B446AEDF}.Release|Any CPU.Build.0 = Release|Any CPU
		{D1424D8A-83F0-482E-A573-1762D5453FFC}.Debug|Any CPU.ActiveCfg = Debug|Any CPU
		{D1424D8A-83F0-482E-A573-1762D5453FFC}.Debug|Any CPU.Build.0 = Debug|Any CPU
		{D1424D8A-83F0-482E-A573-1762D5453FFC}.Release|Any CPU.ActiveCfg = Release|Any CPU
		{D1424D8A-83F0-482E-A573-1762D5453FFC}.Release|Any CPU.Build.0 = Release|Any CPU
		{DD674601-45EB-4CC9-B611-12F181321B29}.Debug|Any CPU.ActiveCfg = Debug|Any CPU
		{DD674601-45EB-4CC9-B611-12F181321B29}.Debug|Any CPU.Build.0 = Debug|Any CPU
		{DD674601-45EB-4CC9-B611-12F181321B29}.Release|Any CPU.ActiveCfg = Release|Any CPU
		{DD674601-45EB-4CC9-B611-12F181321B29}.Release|Any CPU.Build.0 = Release|Any CPU
		{5EBADF55-87C4-439D-BAFF-1E025113BC08}.Debug|Any CPU.ActiveCfg = Debug|Any CPU
		{5EBADF55-87C4-439D-BAFF-1E025113BC08}.Debug|Any CPU.Build.0 = Debug|Any CPU
		{5EBADF55-87C4-439D-BAFF-1E025113BC08}.Release|Any CPU.ActiveCfg = Release|Any CPU
		{5EBADF55-87C4-439D-BAFF-1E025113BC08}.Release|Any CPU.Build.0 = Release|Any CPU
		{C6004AE1-1956-4A89-91AC-C2AB77ECEA80}.Debug|Any CPU.ActiveCfg = Debug|Any CPU
		{C6004AE1-1956-4A89-91AC-C2AB77ECEA80}.Debug|Any CPU.Build.0 = Debug|Any CPU
		{C6004AE1-1956-4A89-91AC-C2AB77ECEA80}.Release|Any CPU.ActiveCfg = Release|Any CPU
		{C6004AE1-1956-4A89-91AC-C2AB77ECEA80}.Release|Any CPU.Build.0 = Release|Any CPU
		{A01E9D40-4DAE-46CA-8A0B-7FE3240D2CC0}.Debug|Any CPU.ActiveCfg = Debug|Any CPU
		{A01E9D40-4DAE-46CA-8A0B-7FE3240D2CC0}.Debug|Any CPU.Build.0 = Debug|Any CPU
		{A01E9D40-4DAE-46CA-8A0B-7FE3240D2CC0}.Release|Any CPU.ActiveCfg = Release|Any CPU
		{A01E9D40-4DAE-46CA-8A0B-7FE3240D2CC0}.Release|Any CPU.Build.0 = Release|Any CPU
		{F0D0455F-B351-4E6B-BBFA-4113C95CF886}.Debug|Any CPU.ActiveCfg = Debug|Any CPU
		{F0D0455F-B351-4E6B-BBFA-4113C95CF886}.Debug|Any CPU.Build.0 = Debug|Any CPU
		{F0D0455F-B351-4E6B-BBFA-4113C95CF886}.Release|Any CPU.ActiveCfg = Release|Any CPU
		{F0D0455F-B351-4E6B-BBFA-4113C95CF886}.Release|Any CPU.Build.0 = Release|Any CPU
		{822EA33D-1900-4EB1-B873-A550D508D736}.Debug|Any CPU.ActiveCfg = Debug|Any CPU
		{822EA33D-1900-4EB1-B873-A550D508D736}.Debug|Any CPU.Build.0 = Debug|Any CPU
		{822EA33D-1900-4EB1-B873-A550D508D736}.Release|Any CPU.ActiveCfg = Release|Any CPU
		{822EA33D-1900-4EB1-B873-A550D508D736}.Release|Any CPU.Build.0 = Release|Any CPU
		{5313BD9A-3FF2-4F51-A266-1433CC3D385C}.Debug|Any CPU.ActiveCfg = Debug|Any CPU
		{5313BD9A-3FF2-4F51-A266-1433CC3D385C}.Debug|Any CPU.Build.0 = Debug|Any CPU
		{5313BD9A-3FF2-4F51-A266-1433CC3D385C}.Release|Any CPU.ActiveCfg = Release|Any CPU
		{5313BD9A-3FF2-4F51-A266-1433CC3D385C}.Release|Any CPU.Build.0 = Release|Any CPU
		{64A3731E-81E3-410D-AC53-1612503A2DE6}.Debug|Any CPU.ActiveCfg = Debug|Any CPU
		{64A3731E-81E3-410D-AC53-1612503A2DE6}.Debug|Any CPU.Build.0 = Debug|Any CPU
		{64A3731E-81E3-410D-AC53-1612503A2DE6}.Release|Any CPU.ActiveCfg = Release|Any CPU
		{64A3731E-81E3-410D-AC53-1612503A2DE6}.Release|Any CPU.Build.0 = Release|Any CPU
		{3A1E7606-C1A4-4AB9-B102-2938403F2B68}.Debug|Any CPU.ActiveCfg = Debug|Any CPU
		{3A1E7606-C1A4-4AB9-B102-2938403F2B68}.Debug|Any CPU.Build.0 = Debug|Any CPU
		{3A1E7606-C1A4-4AB9-B102-2938403F2B68}.Release|Any CPU.ActiveCfg = Release|Any CPU
		{3A1E7606-C1A4-4AB9-B102-2938403F2B68}.Release|Any CPU.Build.0 = Release|Any CPU
		{045CAF02-F951-4FCF-9D5F-62A6121628CB}.Debug|Any CPU.ActiveCfg = Debug|Any CPU
		{045CAF02-F951-4FCF-9D5F-62A6121628CB}.Debug|Any CPU.Build.0 = Debug|Any CPU
		{045CAF02-F951-4FCF-9D5F-62A6121628CB}.Release|Any CPU.ActiveCfg = Release|Any CPU
		{045CAF02-F951-4FCF-9D5F-62A6121628CB}.Release|Any CPU.Build.0 = Release|Any CPU
		{8E82DD46-9A8A-4617-8172-92B42FFB3B95}.Debug|Any CPU.ActiveCfg = Debug|Any CPU
		{8E82DD46-9A8A-4617-8172-92B42FFB3B95}.Debug|Any CPU.Build.0 = Debug|Any CPU
		{8E82DD46-9A8A-4617-8172-92B42FFB3B95}.Release|Any CPU.ActiveCfg = Release|Any CPU
		{8E82DD46-9A8A-4617-8172-92B42FFB3B95}.Release|Any CPU.Build.0 = Release|Any CPU
		{BE66A8AC-5DAC-4225-B81A-095A4EA95158}.Debug|Any CPU.ActiveCfg = Debug|Any CPU
		{BE66A8AC-5DAC-4225-B81A-095A4EA95158}.Debug|Any CPU.Build.0 = Debug|Any CPU
		{BE66A8AC-5DAC-4225-B81A-095A4EA95158}.Release|Any CPU.ActiveCfg = Release|Any CPU
		{BE66A8AC-5DAC-4225-B81A-095A4EA95158}.Release|Any CPU.Build.0 = Release|Any CPU
	EndGlobalSection
EndGlobal
